// !$*UTF8*$!
{
	archiveVersion = 1;
	classes = {
	};
	objectVersion = 46;
	objects = {

/* Begin PBXBuildFile section */
		8D8773CD18BB4C50001AE36C /* boto_canvi_idioma.png in Resources */ = {isa = PBXBuildFile; fileRef = 8D8773AC18BB4C50001AE36C /* boto_canvi_idioma.png */; };
		8D8773CE18BB4C50001AE36C /* boto_selec_idioma.png in Resources */ = {isa = PBXBuildFile; fileRef = 8D8773AD18BB4C50001AE36C /* boto_selec_idioma.png */; };
		8D8773CF18BB4C50001AE36C /* boto_valencia_off.png in Resources */ = {isa = PBXBuildFile; fileRef = 8D8773AE18BB4C50001AE36C /* boto_valencia_off.png */; };
		8D8773D018BB4C50001AE36C /* boto_valencia_on.png in Resources */ = {isa = PBXBuildFile; fileRef = 8D8773AF18BB4C50001AE36C /* boto_valencia_on.png */; };
		8D8773D118BB4C50001AE36C /* compartir.png in Resources */ = {isa = PBXBuildFile; fileRef = 8D8773B018BB4C50001AE36C /* compartir.png */; };
		8D8773D218BB4C50001AE36C /* fletxa_llistats.png in Resources */ = {isa = PBXBuildFile; fileRef = 8D8773B118BB4C50001AE36C /* fletxa_llistats.png */; };
		8D8773D318BB4C50001AE36C /* paperera.png in Resources */ = {isa = PBXBuildFile; fileRef = 8D8773B218BB4C50001AE36C /* paperera.png */; };
		8D8773D418BB4C50001AE36C /* preferits_clar_off.png in Resources */ = {isa = PBXBuildFile; fileRef = 8D8773B318BB4C50001AE36C /* preferits_clar_off.png */; };
		8D8773D518BB4C50001AE36C /* preferits_clar_on.png in Resources */ = {isa = PBXBuildFile; fileRef = 8D8773B418BB4C50001AE36C /* preferits_clar_on.png */; };
		8D8773D618BB4C50001AE36C /* softcatala_logo.png in Resources */ = {isa = PBXBuildFile; fileRef = 8D8773B518BB4C50001AE36C /* softcatala_logo.png */; };
		8D8773D718BB4C50001AE36C /* tab_bar_historic_off.png in Resources */ = {isa = PBXBuildFile; fileRef = 8D8773B618BB4C50001AE36C /* tab_bar_historic_off.png */; };
		8D8773D818BB4C50001AE36C /* tab_bar_historic_on.png in Resources */ = {isa = PBXBuildFile; fileRef = 8D8773B718BB4C50001AE36C /* tab_bar_historic_on.png */; };
		8D8773D918BB4C50001AE36C /* tab_bar_preferits_off.png in Resources */ = {isa = PBXBuildFile; fileRef = 8D8773B818BB4C50001AE36C /* tab_bar_preferits_off.png */; };
		8D8773DA18BB4C50001AE36C /* tab_bar_preferits_on.png in Resources */ = {isa = PBXBuildFile; fileRef = 8D8773B918BB4C50001AE36C /* tab_bar_preferits_on.png */; };
		8D8773DB18BB4C50001AE36C /* tab_bar_traduir_off.png in Resources */ = {isa = PBXBuildFile; fileRef = 8D8773BA18BB4C50001AE36C /* tab_bar_traduir_off.png */; };
		8D8773DC18BB4C50001AE36C /* tab_bar_traduir_on.png in Resources */ = {isa = PBXBuildFile; fileRef = 8D8773BB18BB4C50001AE36C /* tab_bar_traduir_on.png */; };
		8D8773DD18BB4C50001AE36C /* boto_canvi_idioma@2x.png in Resources */ = {isa = PBXBuildFile; fileRef = 8D8773BD18BB4C50001AE36C /* boto_canvi_idioma@2x.png */; };
		8D8773DE18BB4C50001AE36C /* boto_selec_idioma@2x.png in Resources */ = {isa = PBXBuildFile; fileRef = 8D8773BE18BB4C50001AE36C /* boto_selec_idioma@2x.png */; };
		8D8773DF18BB4C50001AE36C /* boto_valencia_off@2x.png in Resources */ = {isa = PBXBuildFile; fileRef = 8D8773BF18BB4C50001AE36C /* boto_valencia_off@2x.png */; };
		8D8773E018BB4C50001AE36C /* boto_valencia_on@2x.png in Resources */ = {isa = PBXBuildFile; fileRef = 8D8773C018BB4C50001AE36C /* boto_valencia_on@2x.png */; };
		8D8773E118BB4C50001AE36C /* compartir@2x.png in Resources */ = {isa = PBXBuildFile; fileRef = 8D8773C118BB4C50001AE36C /* compartir@2x.png */; };
		8D8773E218BB4C50001AE36C /* fletxa_llistats@2x.png in Resources */ = {isa = PBXBuildFile; fileRef = 8D8773C218BB4C50001AE36C /* fletxa_llistats@2x.png */; };
		8D8773E318BB4C50001AE36C /* paperera@2x.png in Resources */ = {isa = PBXBuildFile; fileRef = 8D8773C318BB4C50001AE36C /* paperera@2x.png */; };
		8D8773E418BB4C50001AE36C /* preferits_clar_off@2x.png in Resources */ = {isa = PBXBuildFile; fileRef = 8D8773C418BB4C50001AE36C /* preferits_clar_off@2x.png */; };
		8D8773E518BB4C50001AE36C /* preferits_clar_on@2x.png in Resources */ = {isa = PBXBuildFile; fileRef = 8D8773C518BB4C50001AE36C /* preferits_clar_on@2x.png */; };
		8D8773E618BB4C50001AE36C /* softcatala_logo@2x.png in Resources */ = {isa = PBXBuildFile; fileRef = 8D8773C618BB4C50001AE36C /* softcatala_logo@2x.png */; };
		8D8773E718BB4C50001AE36C /* tab_bar_historic_off@2x.png in Resources */ = {isa = PBXBuildFile; fileRef = 8D8773C718BB4C50001AE36C /* tab_bar_historic_off@2x.png */; };
		8D8773E818BB4C50001AE36C /* tab_bar_historic_on@2x.png in Resources */ = {isa = PBXBuildFile; fileRef = 8D8773C818BB4C50001AE36C /* tab_bar_historic_on@2x.png */; };
		8D8773E918BB4C50001AE36C /* tab_bar_preferits_off@2x.png in Resources */ = {isa = PBXBuildFile; fileRef = 8D8773C918BB4C50001AE36C /* tab_bar_preferits_off@2x.png */; };
		8D8773EA18BB4C50001AE36C /* tab_bar_preferits_on@2x.png in Resources */ = {isa = PBXBuildFile; fileRef = 8D8773CA18BB4C50001AE36C /* tab_bar_preferits_on@2x.png */; };
		8D8773EB18BB4C50001AE36C /* tab_bar_traduir_off@2x.png in Resources */ = {isa = PBXBuildFile; fileRef = 8D8773CB18BB4C50001AE36C /* tab_bar_traduir_off@2x.png */; };
		8D8773EC18BB4C50001AE36C /* tab_bar_traduir_on@2x.png in Resources */ = {isa = PBXBuildFile; fileRef = 8D8773CC18BB4C50001AE36C /* tab_bar_traduir_on@2x.png */; };
		8D8773F218BB511A001AE36C /* Translation.m in Sources */ = {isa = PBXBuildFile; fileRef = 8D8773F118BB511A001AE36C /* Translation.m */; };
		8DF4CCE718BB4B9800C10CF6 /* Foundation.framework in Frameworks */ = {isa = PBXBuildFile; fileRef = 8DF4CCE618BB4B9800C10CF6 /* Foundation.framework */; };
		8DF4CCE918BB4B9800C10CF6 /* CoreGraphics.framework in Frameworks */ = {isa = PBXBuildFile; fileRef = 8DF4CCE818BB4B9800C10CF6 /* CoreGraphics.framework */; };
		8DF4CCEB18BB4B9800C10CF6 /* UIKit.framework in Frameworks */ = {isa = PBXBuildFile; fileRef = 8DF4CCEA18BB4B9800C10CF6 /* UIKit.framework */; };
		8DF4CCF318BB4B9800C10CF6 /* main.m in Sources */ = {isa = PBXBuildFile; fileRef = 8DF4CCF218BB4B9800C10CF6 /* main.m */; };
		8DF4CCF718BB4B9800C10CF6 /* AppDelegate.m in Sources */ = {isa = PBXBuildFile; fileRef = 8DF4CCF618BB4B9800C10CF6 /* AppDelegate.m */; };
		8DF4CCF918BB4B9800C10CF6 /* Images.xcassets in Resources */ = {isa = PBXBuildFile; fileRef = 8DF4CCF818BB4B9800C10CF6 /* Images.xcassets */; };
		8DF4CD0018BB4B9800C10CF6 /* XCTest.framework in Frameworks */ = {isa = PBXBuildFile; fileRef = 8DF4CCFF18BB4B9800C10CF6 /* XCTest.framework */; };
		8DF4CD0118BB4B9800C10CF6 /* Foundation.framework in Frameworks */ = {isa = PBXBuildFile; fileRef = 8DF4CCE618BB4B9800C10CF6 /* Foundation.framework */; };
		8DF4CD0218BB4B9800C10CF6 /* UIKit.framework in Frameworks */ = {isa = PBXBuildFile; fileRef = 8DF4CCEA18BB4B9800C10CF6 /* UIKit.framework */; };
		BF8C7143F1E188EA076CB11C /* TranslationServerTest.m in Sources */ = {isa = PBXBuildFile; fileRef = BF8C7B20FF6729C9CF5E682F /* TranslationServerTest.m */; };
		BF8C72425A0F583B7456F33B /* Language.m in Sources */ = {isa = PBXBuildFile; fileRef = BF8C730033C8A6AEEF192415 /* Language.m */; };
		BF8C739D3A33029A459544AF /* TranslationDirectionsLoaderTest.m in Sources */ = {isa = PBXBuildFile; fileRef = BF8C7D8712183B116E6760CA /* TranslationDirectionsLoaderTest.m */; };
		BF8C75FAC0B500D289D69413 /* TranslationTest.m in Sources */ = {isa = PBXBuildFile; fileRef = BF8C791C215A1381A3AD15A3 /* TranslationTest.m */; };
		BF8C7678E0845B9E80459A75 /* TranslationDirectionLoader.m in Sources */ = {isa = PBXBuildFile; fileRef = BF8C74AB749F8179A5098894 /* TranslationDirectionLoader.m */; };
		BF8C78A9B947307DCC1FB67D /* TranslationRequest.m in Sources */ = {isa = PBXBuildFile; fileRef = BF8C71FB4B0E2FBC6719DA9A /* TranslationRequest.m */; };
		BF8C7989933963534C63A1EC /* TranslationArchiverTest.m in Sources */ = {isa = PBXBuildFile; fileRef = BF8C7C403B3EC51B037A907A /* TranslationArchiverTest.m */; };
		BF8C7C858028906AF5BC1DC6 /* LanguageDirection.m in Sources */ = {isa = PBXBuildFile; fileRef = BF8C7AFD5F6BDB12AB0BF848 /* LanguageDirection.m */; };
		BF8C7C952F5AC3899B2FBD76 /* TranslationArchiver.m in Sources */ = {isa = PBXBuildFile; fileRef = BF8C74B135C8CFAB44352AB7 /* TranslationArchiver.m */; };
		BF8C7F7CFC0FD50A01BC26B8 /* LanguageDirectionTest.m in Sources */ = {isa = PBXBuildFile; fileRef = BF8C7342E9A2DDC6039A84B1 /* LanguageDirectionTest.m */; };
		E2F4A6851EA14CDE86572DC9 /* libPods-SoftcatalaTests.a in Frameworks */ = {isa = PBXBuildFile; fileRef = 3F2B3CA872B34807A1BFF878 /* libPods-SoftcatalaTests.a */; };
/* End PBXBuildFile section */

/* Begin PBXContainerItemProxy section */
		8DF4CD0318BB4B9800C10CF6 /* PBXContainerItemProxy */ = {
			isa = PBXContainerItemProxy;
			containerPortal = 8DF4CCDB18BB4B9800C10CF6 /* Project object */;
			proxyType = 1;
			remoteGlobalIDString = 8DF4CCE218BB4B9800C10CF6;
			remoteInfo = Softcatala;
		};
/* End PBXContainerItemProxy section */

/* Begin PBXFileReference section */
		3F2B3CA872B34807A1BFF878 /* libPods-SoftcatalaTests.a */ = {isa = PBXFileReference; explicitFileType = archive.ar; includeInIndex = 0; path = "libPods-SoftcatalaTests.a"; sourceTree = BUILT_PRODUCTS_DIR; };
		8D8773AC18BB4C50001AE36C /* boto_canvi_idioma.png */ = {isa = PBXFileReference; lastKnownFileType = image.png; path = boto_canvi_idioma.png; sourceTree = "<group>"; };
		8D8773AD18BB4C50001AE36C /* boto_selec_idioma.png */ = {isa = PBXFileReference; lastKnownFileType = image.png; path = boto_selec_idioma.png; sourceTree = "<group>"; };
		8D8773AE18BB4C50001AE36C /* boto_valencia_off.png */ = {isa = PBXFileReference; lastKnownFileType = image.png; path = boto_valencia_off.png; sourceTree = "<group>"; };
		8D8773AF18BB4C50001AE36C /* boto_valencia_on.png */ = {isa = PBXFileReference; lastKnownFileType = image.png; path = boto_valencia_on.png; sourceTree = "<group>"; };
		8D8773B018BB4C50001AE36C /* compartir.png */ = {isa = PBXFileReference; lastKnownFileType = image.png; path = compartir.png; sourceTree = "<group>"; };
		8D8773B118BB4C50001AE36C /* fletxa_llistats.png */ = {isa = PBXFileReference; lastKnownFileType = image.png; path = fletxa_llistats.png; sourceTree = "<group>"; };
		8D8773B218BB4C50001AE36C /* paperera.png */ = {isa = PBXFileReference; lastKnownFileType = image.png; path = paperera.png; sourceTree = "<group>"; };
		8D8773B318BB4C50001AE36C /* preferits_clar_off.png */ = {isa = PBXFileReference; lastKnownFileType = image.png; path = preferits_clar_off.png; sourceTree = "<group>"; };
		8D8773B418BB4C50001AE36C /* preferits_clar_on.png */ = {isa = PBXFileReference; lastKnownFileType = image.png; path = preferits_clar_on.png; sourceTree = "<group>"; };
		8D8773B518BB4C50001AE36C /* softcatala_logo.png */ = {isa = PBXFileReference; lastKnownFileType = image.png; path = softcatala_logo.png; sourceTree = "<group>"; };
		8D8773B618BB4C50001AE36C /* tab_bar_historic_off.png */ = {isa = PBXFileReference; lastKnownFileType = image.png; path = tab_bar_historic_off.png; sourceTree = "<group>"; };
		8D8773B718BB4C50001AE36C /* tab_bar_historic_on.png */ = {isa = PBXFileReference; lastKnownFileType = image.png; path = tab_bar_historic_on.png; sourceTree = "<group>"; };
		8D8773B818BB4C50001AE36C /* tab_bar_preferits_off.png */ = {isa = PBXFileReference; lastKnownFileType = image.png; path = tab_bar_preferits_off.png; sourceTree = "<group>"; };
		8D8773B918BB4C50001AE36C /* tab_bar_preferits_on.png */ = {isa = PBXFileReference; lastKnownFileType = image.png; path = tab_bar_preferits_on.png; sourceTree = "<group>"; };
		8D8773BA18BB4C50001AE36C /* tab_bar_traduir_off.png */ = {isa = PBXFileReference; lastKnownFileType = image.png; path = tab_bar_traduir_off.png; sourceTree = "<group>"; };
		8D8773BB18BB4C50001AE36C /* tab_bar_traduir_on.png */ = {isa = PBXFileReference; lastKnownFileType = image.png; path = tab_bar_traduir_on.png; sourceTree = "<group>"; };
		8D8773BD18BB4C50001AE36C /* boto_canvi_idioma@2x.png */ = {isa = PBXFileReference; lastKnownFileType = image.png; path = "boto_canvi_idioma@2x.png"; sourceTree = "<group>"; };
		8D8773BE18BB4C50001AE36C /* boto_selec_idioma@2x.png */ = {isa = PBXFileReference; lastKnownFileType = image.png; path = "boto_selec_idioma@2x.png"; sourceTree = "<group>"; };
		8D8773BF18BB4C50001AE36C /* boto_valencia_off@2x.png */ = {isa = PBXFileReference; lastKnownFileType = image.png; path = "boto_valencia_off@2x.png"; sourceTree = "<group>"; };
		8D8773C018BB4C50001AE36C /* boto_valencia_on@2x.png */ = {isa = PBXFileReference; lastKnownFileType = image.png; path = "boto_valencia_on@2x.png"; sourceTree = "<group>"; };
		8D8773C118BB4C50001AE36C /* compartir@2x.png */ = {isa = PBXFileReference; lastKnownFileType = image.png; path = "compartir@2x.png"; sourceTree = "<group>"; };
		8D8773C218BB4C50001AE36C /* fletxa_llistats@2x.png */ = {isa = PBXFileReference; lastKnownFileType = image.png; path = "fletxa_llistats@2x.png"; sourceTree = "<group>"; };
		8D8773C318BB4C50001AE36C /* paperera@2x.png */ = {isa = PBXFileReference; lastKnownFileType = image.png; path = "paperera@2x.png"; sourceTree = "<group>"; };
		8D8773C418BB4C50001AE36C /* preferits_clar_off@2x.png */ = {isa = PBXFileReference; lastKnownFileType = image.png; path = "preferits_clar_off@2x.png"; sourceTree = "<group>"; };
		8D8773C518BB4C50001AE36C /* preferits_clar_on@2x.png */ = {isa = PBXFileReference; lastKnownFileType = image.png; path = "preferits_clar_on@2x.png"; sourceTree = "<group>"; };
		8D8773C618BB4C50001AE36C /* softcatala_logo@2x.png */ = {isa = PBXFileReference; lastKnownFileType = image.png; path = "softcatala_logo@2x.png"; sourceTree = "<group>"; };
		8D8773C718BB4C50001AE36C /* tab_bar_historic_off@2x.png */ = {isa = PBXFileReference; lastKnownFileType = image.png; path = "tab_bar_historic_off@2x.png"; sourceTree = "<group>"; };
		8D8773C818BB4C50001AE36C /* tab_bar_historic_on@2x.png */ = {isa = PBXFileReference; lastKnownFileType = image.png; path = "tab_bar_historic_on@2x.png"; sourceTree = "<group>"; };
		8D8773C918BB4C50001AE36C /* tab_bar_preferits_off@2x.png */ = {isa = PBXFileReference; lastKnownFileType = image.png; path = "tab_bar_preferits_off@2x.png"; sourceTree = "<group>"; };
		8D8773CA18BB4C50001AE36C /* tab_bar_preferits_on@2x.png */ = {isa = PBXFileReference; lastKnownFileType = image.png; path = "tab_bar_preferits_on@2x.png"; sourceTree = "<group>"; };
		8D8773CB18BB4C50001AE36C /* tab_bar_traduir_off@2x.png */ = {isa = PBXFileReference; lastKnownFileType = image.png; path = "tab_bar_traduir_off@2x.png"; sourceTree = "<group>"; };
		8D8773CC18BB4C50001AE36C /* tab_bar_traduir_on@2x.png */ = {isa = PBXFileReference; lastKnownFileType = image.png; path = "tab_bar_traduir_on@2x.png"; sourceTree = "<group>"; };
		8D8773F018BB511A001AE36C /* Translation.h */ = {isa = PBXFileReference; fileEncoding = 4; lastKnownFileType = sourcecode.c.h; path = Translation.h; sourceTree = "<group>"; };
		8D8773F118BB511A001AE36C /* Translation.m */ = {isa = PBXFileReference; fileEncoding = 4; lastKnownFileType = sourcecode.c.objc; path = Translation.m; sourceTree = "<group>"; };
		8DF4CCE318BB4B9800C10CF6 /* Softcatala.app */ = {isa = PBXFileReference; explicitFileType = wrapper.application; includeInIndex = 0; path = Softcatala.app; sourceTree = BUILT_PRODUCTS_DIR; };
		8DF4CCE618BB4B9800C10CF6 /* Foundation.framework */ = {isa = PBXFileReference; lastKnownFileType = wrapper.framework; name = Foundation.framework; path = System/Library/Frameworks/Foundation.framework; sourceTree = SDKROOT; };
		8DF4CCE818BB4B9800C10CF6 /* CoreGraphics.framework */ = {isa = PBXFileReference; lastKnownFileType = wrapper.framework; name = CoreGraphics.framework; path = System/Library/Frameworks/CoreGraphics.framework; sourceTree = SDKROOT; };
		8DF4CCEA18BB4B9800C10CF6 /* UIKit.framework */ = {isa = PBXFileReference; lastKnownFileType = wrapper.framework; name = UIKit.framework; path = System/Library/Frameworks/UIKit.framework; sourceTree = SDKROOT; };
		8DF4CCEE18BB4B9800C10CF6 /* Softcatala-Info.plist */ = {isa = PBXFileReference; lastKnownFileType = text.plist.xml; path = "Softcatala-Info.plist"; sourceTree = "<group>"; };
		8DF4CCF218BB4B9800C10CF6 /* main.m */ = {isa = PBXFileReference; lastKnownFileType = sourcecode.c.objc; path = main.m; sourceTree = "<group>"; };
		8DF4CCF418BB4B9800C10CF6 /* Softcatala-Prefix.pch */ = {isa = PBXFileReference; lastKnownFileType = sourcecode.c.h; path = "Softcatala-Prefix.pch"; sourceTree = "<group>"; };
		8DF4CCF518BB4B9800C10CF6 /* AppDelegate.h */ = {isa = PBXFileReference; lastKnownFileType = sourcecode.c.h; path = AppDelegate.h; sourceTree = "<group>"; };
		8DF4CCF618BB4B9800C10CF6 /* AppDelegate.m */ = {isa = PBXFileReference; lastKnownFileType = sourcecode.c.objc; path = AppDelegate.m; sourceTree = "<group>"; };
		8DF4CCF818BB4B9800C10CF6 /* Images.xcassets */ = {isa = PBXFileReference; lastKnownFileType = folder.assetcatalog; path = Images.xcassets; sourceTree = "<group>"; };
		8DF4CCFE18BB4B9800C10CF6 /* SoftcatalaTests.xctest */ = {isa = PBXFileReference; explicitFileType = wrapper.cfbundle; includeInIndex = 0; path = SoftcatalaTests.xctest; sourceTree = BUILT_PRODUCTS_DIR; };
		8DF4CCFF18BB4B9800C10CF6 /* XCTest.framework */ = {isa = PBXFileReference; lastKnownFileType = wrapper.framework; name = XCTest.framework; path = Library/Frameworks/XCTest.framework; sourceTree = DEVELOPER_DIR; };
		8DF4CD0718BB4B9800C10CF6 /* SoftcatalaTests-Info.plist */ = {isa = PBXFileReference; lastKnownFileType = text.plist.xml; path = "SoftcatalaTests-Info.plist"; sourceTree = "<group>"; };
		9380CC9454DB48EAA73CB003 /* Pods-SoftcatalaTests.xcconfig */ = {isa = PBXFileReference; includeInIndex = 1; lastKnownFileType = text.xcconfig; name = "Pods-SoftcatalaTests.xcconfig"; path = "Pods/Pods-SoftcatalaTests.xcconfig"; sourceTree = "<group>"; };
		BF8C7189D3D1798580A8191F /* TranslationArchiver.h */ = {isa = PBXFileReference; fileEncoding = 4; lastKnownFileType = sourcecode.c.h; path = TranslationArchiver.h; sourceTree = "<group>"; };
		BF8C71FB4B0E2FBC6719DA9A /* TranslationRequest.m */ = {isa = PBXFileReference; fileEncoding = 4; lastKnownFileType = sourcecode.c.objc; path = TranslationRequest.m; sourceTree = "<group>"; };
		BF8C725637686FC2F1A243DC /* TranslationRequest.h */ = {isa = PBXFileReference; fileEncoding = 4; lastKnownFileType = sourcecode.c.h; path = TranslationRequest.h; sourceTree = "<group>"; };
		BF8C730033C8A6AEEF192415 /* Language.m */ = {isa = PBXFileReference; fileEncoding = 4; lastKnownFileType = sourcecode.c.objc; path = Language.m; sourceTree = "<group>"; };
		BF8C7342E9A2DDC6039A84B1 /* LanguageDirectionTest.m */ = {isa = PBXFileReference; fileEncoding = 4; lastKnownFileType = sourcecode.c.objc; path = LanguageDirectionTest.m; sourceTree = "<group>"; };
		BF8C74AB749F8179A5098894 /* TranslationDirectionLoader.m */ = {isa = PBXFileReference; fileEncoding = 4; lastKnownFileType = sourcecode.c.objc; path = TranslationDirectionLoader.m; sourceTree = "<group>"; };
		BF8C74B135C8CFAB44352AB7 /* TranslationArchiver.m */ = {isa = PBXFileReference; fileEncoding = 4; lastKnownFileType = sourcecode.c.objc; path = TranslationArchiver.m; sourceTree = "<group>"; };
		BF8C78F4467304AC5A1A1AF5 /* TranslationDirectionLoader.h */ = {isa = PBXFileReference; fileEncoding = 4; lastKnownFileType = sourcecode.c.h; path = TranslationDirectionLoader.h; sourceTree = "<group>"; };
		BF8C791C215A1381A3AD15A3 /* TranslationTest.m */ = {isa = PBXFileReference; fileEncoding = 4; lastKnownFileType = sourcecode.c.objc; path = TranslationTest.m; sourceTree = "<group>"; };
		BF8C7AF750D8BE3388EA7A47 /* LanguageDirection.h */ = {isa = PBXFileReference; fileEncoding = 4; lastKnownFileType = sourcecode.c.h; path = LanguageDirection.h; sourceTree = "<group>"; };
		BF8C7AFD5F6BDB12AB0BF848 /* LanguageDirection.m */ = {isa = PBXFileReference; fileEncoding = 4; lastKnownFileType = sourcecode.c.objc; path = LanguageDirection.m; sourceTree = "<group>"; };
		BF8C7B20FF6729C9CF5E682F /* TranslationServerTest.m */ = {isa = PBXFileReference; fileEncoding = 4; lastKnownFileType = sourcecode.c.objc; path = TranslationServerTest.m; sourceTree = "<group>"; };
		BF8C7C403B3EC51B037A907A /* TranslationArchiverTest.m */ = {isa = PBXFileReference; fileEncoding = 4; lastKnownFileType = sourcecode.c.objc; path = TranslationArchiverTest.m; sourceTree = "<group>"; };
		BF8C7D8712183B116E6760CA /* TranslationDirectionsLoaderTest.m */ = {isa = PBXFileReference; fileEncoding = 4; lastKnownFileType = sourcecode.c.objc; path = TranslationDirectionsLoaderTest.m; sourceTree = "<group>"; };
		BF8C7DEF1E0BDB69F89C4DDC /* Language.h */ = {isa = PBXFileReference; fileEncoding = 4; lastKnownFileType = sourcecode.c.h; path = Language.h; sourceTree = "<group>"; };
/* End PBXFileReference section */

/* Begin PBXFrameworksBuildPhase section */
		8DF4CCE018BB4B9800C10CF6 /* Frameworks */ = {
			isa = PBXFrameworksBuildPhase;
			buildActionMask = 2147483647;
			files = (
				8DF4CCE918BB4B9800C10CF6 /* CoreGraphics.framework in Frameworks */,
				8DF4CCEB18BB4B9800C10CF6 /* UIKit.framework in Frameworks */,
				8DF4CCE718BB4B9800C10CF6 /* Foundation.framework in Frameworks */,
			);
			runOnlyForDeploymentPostprocessing = 0;
		};
		8DF4CCFB18BB4B9800C10CF6 /* Frameworks */ = {
			isa = PBXFrameworksBuildPhase;
			buildActionMask = 2147483647;
			files = (
				8DF4CD0018BB4B9800C10CF6 /* XCTest.framework in Frameworks */,
				8DF4CD0218BB4B9800C10CF6 /* UIKit.framework in Frameworks */,
				8DF4CD0118BB4B9800C10CF6 /* Foundation.framework in Frameworks */,
				E2F4A6851EA14CDE86572DC9 /* libPods-SoftcatalaTests.a in Frameworks */,
			);
			runOnlyForDeploymentPostprocessing = 0;
		};
/* End PBXFrameworksBuildPhase section */

/* Begin PBXGroup section */
		8D8773AA18BB4C3F001AE36C /* assets */ = {
			isa = PBXGroup;
			children = (
				8D8773AB18BB4C50001AE36C /* 1x */,
				8D8773BC18BB4C50001AE36C /* 2x */,
			);
			name = assets;
			sourceTree = "<group>";
		};
		8D8773AB18BB4C50001AE36C /* 1x */ = {
			isa = PBXGroup;
			children = (
				8D8773AC18BB4C50001AE36C /* boto_canvi_idioma.png */,
				8D8773AD18BB4C50001AE36C /* boto_selec_idioma.png */,
				8D8773AE18BB4C50001AE36C /* boto_valencia_off.png */,
				8D8773AF18BB4C50001AE36C /* boto_valencia_on.png */,
				8D8773B018BB4C50001AE36C /* compartir.png */,
				8D8773B118BB4C50001AE36C /* fletxa_llistats.png */,
				8D8773B218BB4C50001AE36C /* paperera.png */,
				8D8773B318BB4C50001AE36C /* preferits_clar_off.png */,
				8D8773B418BB4C50001AE36C /* preferits_clar_on.png */,
				8D8773B518BB4C50001AE36C /* softcatala_logo.png */,
				8D8773B618BB4C50001AE36C /* tab_bar_historic_off.png */,
				8D8773B718BB4C50001AE36C /* tab_bar_historic_on.png */,
				8D8773B818BB4C50001AE36C /* tab_bar_preferits_off.png */,
				8D8773B918BB4C50001AE36C /* tab_bar_preferits_on.png */,
				8D8773BA18BB4C50001AE36C /* tab_bar_traduir_off.png */,
				8D8773BB18BB4C50001AE36C /* tab_bar_traduir_on.png */,
			);
			path = 1x;
			sourceTree = "<group>";
		};
		8D8773BC18BB4C50001AE36C /* 2x */ = {
			isa = PBXGroup;
			children = (
				8D8773BD18BB4C50001AE36C /* boto_canvi_idioma@2x.png */,
				8D8773BE18BB4C50001AE36C /* boto_selec_idioma@2x.png */,
				8D8773BF18BB4C50001AE36C /* boto_valencia_off@2x.png */,
				8D8773C018BB4C50001AE36C /* boto_valencia_on@2x.png */,
				8D8773C118BB4C50001AE36C /* compartir@2x.png */,
				8D8773C218BB4C50001AE36C /* fletxa_llistats@2x.png */,
				8D8773C318BB4C50001AE36C /* paperera@2x.png */,
				8D8773C418BB4C50001AE36C /* preferits_clar_off@2x.png */,
				8D8773C518BB4C50001AE36C /* preferits_clar_on@2x.png */,
				8D8773C618BB4C50001AE36C /* softcatala_logo@2x.png */,
				8D8773C718BB4C50001AE36C /* tab_bar_historic_off@2x.png */,
				8D8773C818BB4C50001AE36C /* tab_bar_historic_on@2x.png */,
				8D8773C918BB4C50001AE36C /* tab_bar_preferits_off@2x.png */,
				8D8773CA18BB4C50001AE36C /* tab_bar_preferits_on@2x.png */,
				8D8773CB18BB4C50001AE36C /* tab_bar_traduir_off@2x.png */,
				8D8773CC18BB4C50001AE36C /* tab_bar_traduir_on@2x.png */,
			);
			path = 2x;
			sourceTree = "<group>";
		};
		8D8773EF18BB510B001AE36C /* Model */ = {
			isa = PBXGroup;
			children = (
				8D8773F018BB511A001AE36C /* Translation.h */,
				8D8773F118BB511A001AE36C /* Translation.m */,
				BF8C7AFD5F6BDB12AB0BF848 /* LanguageDirection.m */,
				BF8C7AF750D8BE3388EA7A47 /* LanguageDirection.h */,
				BF8C730033C8A6AEEF192415 /* Language.m */,
				BF8C7DEF1E0BDB69F89C4DDC /* Language.h */,
			);
			name = Model;
			sourceTree = "<group>";
		};
		8DF4CCDA18BB4B9800C10CF6 = {
			isa = PBXGroup;
			children = (
				8DF4CCEC18BB4B9800C10CF6 /* Softcatala */,
				8DF4CD0518BB4B9800C10CF6 /* SoftcatalaTests */,
				8DF4CCE518BB4B9800C10CF6 /* Frameworks */,
				8DF4CCE418BB4B9800C10CF6 /* Products */,
				9380CC9454DB48EAA73CB003 /* Pods-SoftcatalaTests.xcconfig */,
			);
			sourceTree = "<group>";
		};
		8DF4CCE418BB4B9800C10CF6 /* Products */ = {
			isa = PBXGroup;
			children = (
				8DF4CCE318BB4B9800C10CF6 /* Softcatala.app */,
				8DF4CCFE18BB4B9800C10CF6 /* SoftcatalaTests.xctest */,
			);
			name = Products;
			sourceTree = "<group>";
		};
		8DF4CCE518BB4B9800C10CF6 /* Frameworks */ = {
			isa = PBXGroup;
			children = (
				8DF4CCE618BB4B9800C10CF6 /* Foundation.framework */,
				8DF4CCE818BB4B9800C10CF6 /* CoreGraphics.framework */,
				8DF4CCEA18BB4B9800C10CF6 /* UIKit.framework */,
				8DF4CCFF18BB4B9800C10CF6 /* XCTest.framework */,
				3F2B3CA872B34807A1BFF878 /* libPods-SoftcatalaTests.a */,
			);
			name = Frameworks;
			sourceTree = "<group>";
		};
		8DF4CCEC18BB4B9800C10CF6 /* Softcatala */ = {
			isa = PBXGroup;
			children = (
				8D8773EF18BB510B001AE36C /* Model */,
				8D8773AA18BB4C3F001AE36C /* assets */,
				8DF4CCF518BB4B9800C10CF6 /* AppDelegate.h */,
				8DF4CCF618BB4B9800C10CF6 /* AppDelegate.m */,
				8DF4CCF818BB4B9800C10CF6 /* Images.xcassets */,
				8DF4CCED18BB4B9800C10CF6 /* Supporting Files */,
				BF8C7D37FDBA3F33EFD80CB0 /* Service */,
			);
			path = Softcatala;
			sourceTree = "<group>";
		};
		8DF4CCED18BB4B9800C10CF6 /* Supporting Files */ = {
			isa = PBXGroup;
			children = (
				8DF4CCEE18BB4B9800C10CF6 /* Softcatala-Info.plist */,
				8DF4CCF218BB4B9800C10CF6 /* main.m */,
				8DF4CCF418BB4B9800C10CF6 /* Softcatala-Prefix.pch */,
			);
			name = "Supporting Files";
			sourceTree = "<group>";
		};
		8DF4CD0518BB4B9800C10CF6 /* SoftcatalaTests */ = {
			isa = PBXGroup;
			children = (
				8DF4CD0618BB4B9800C10CF6 /* Supporting Files */,
				BF8C7FA73031175B79CB4682 /* Model */,
				BF8C70F74F4DAEED4F6693A9 /* Service */,
			);
			path = SoftcatalaTests;
			sourceTree = "<group>";
		};
		8DF4CD0618BB4B9800C10CF6 /* Supporting Files */ = {
			isa = PBXGroup;
			children = (
				8DF4CD0718BB4B9800C10CF6 /* SoftcatalaTests-Info.plist */,
			);
			name = "Supporting Files";
			sourceTree = "<group>";
		};
		BF8C70F74F4DAEED4F6693A9 /* Service */ = {
			isa = PBXGroup;
			children = (
				BF8C7C403B3EC51B037A907A /* TranslationArchiverTest.m */,
				BF8C7D8712183B116E6760CA /* TranslationDirectionsLoaderTest.m */,
				BF8C7B20FF6729C9CF5E682F /* TranslationServerTest.m */,
			);
			path = Service;
			sourceTree = "<group>";
		};
		BF8C7D37FDBA3F33EFD80CB0 /* Service */ = {
			isa = PBXGroup;
			children = (
				BF8C7189D3D1798580A8191F /* TranslationArchiver.h */,
				BF8C74B135C8CFAB44352AB7 /* TranslationArchiver.m */,
				BF8C78F4467304AC5A1A1AF5 /* TranslationDirectionLoader.h */,
				BF8C74AB749F8179A5098894 /* TranslationDirectionLoader.m */,
				BF8C725637686FC2F1A243DC /* TranslationRequest.h */,
				BF8C71FB4B0E2FBC6719DA9A /* TranslationRequest.m */,
			);
			path = Service;
			sourceTree = "<group>";
		};
		BF8C7FA73031175B79CB4682 /* Model */ = {
			isa = PBXGroup;
			children = (
				BF8C791C215A1381A3AD15A3 /* TranslationTest.m */,
				BF8C7342E9A2DDC6039A84B1 /* LanguageDirectionTest.m */,
			);
			path = Model;
			sourceTree = "<group>";
		};
/* End PBXGroup section */

/* Begin PBXNativeTarget section */
		8DF4CCE218BB4B9800C10CF6 /* Softcatala */ = {
			isa = PBXNativeTarget;
			buildConfigurationList = 8DF4CD0F18BB4B9800C10CF6 /* Build configuration list for PBXNativeTarget "Softcatala" */;
			buildPhases = (
				8DF4CCDF18BB4B9800C10CF6 /* Sources */,
				8DF4CCE018BB4B9800C10CF6 /* Frameworks */,
				8DF4CCE118BB4B9800C10CF6 /* Resources */,
			);
			buildRules = (
			);
			dependencies = (
			);
			name = Softcatala;
			productName = Softcatala;
			productReference = 8DF4CCE318BB4B9800C10CF6 /* Softcatala.app */;
			productType = "com.apple.product-type.application";
		};
		8DF4CCFD18BB4B9800C10CF6 /* SoftcatalaTests */ = {
			isa = PBXNativeTarget;
			buildConfigurationList = 8DF4CD1218BB4B9800C10CF6 /* Build configuration list for PBXNativeTarget "SoftcatalaTests" */;
			buildPhases = (
				ABBC4A1D49BF49A496BD0C29 /* Check Pods Manifest.lock */,
				8DF4CCFA18BB4B9800C10CF6 /* Sources */,
				8DF4CCFB18BB4B9800C10CF6 /* Frameworks */,
				8DF4CCFC18BB4B9800C10CF6 /* Resources */,
				55C478959F344378B39C9368 /* Copy Pods Resources */,
			);
			buildRules = (
			);
			dependencies = (
				8DF4CD0418BB4B9800C10CF6 /* PBXTargetDependency */,
			);
			name = SoftcatalaTests;
			productName = SoftcatalaTests;
			productReference = 8DF4CCFE18BB4B9800C10CF6 /* SoftcatalaTests.xctest */;
			productType = "com.apple.product-type.bundle.unit-test";
		};
/* End PBXNativeTarget section */

/* Begin PBXProject section */
		8DF4CCDB18BB4B9800C10CF6 /* Project object */ = {
			isa = PBXProject;
			attributes = {
				LastUpgradeCheck = 0500;
				ORGANIZATIONNAME = "Marcos Grau";
				TargetAttributes = {
					8DF4CCFD18BB4B9800C10CF6 = {
						TestTargetID = 8DF4CCE218BB4B9800C10CF6;
					};
				};
			};
			buildConfigurationList = 8DF4CCDE18BB4B9800C10CF6 /* Build configuration list for PBXProject "Softcatala" */;
			compatibilityVersion = "Xcode 3.2";
			developmentRegion = English;
			hasScannedForEncodings = 0;
			knownRegions = (
				en,
			);
			mainGroup = 8DF4CCDA18BB4B9800C10CF6;
			productRefGroup = 8DF4CCE418BB4B9800C10CF6 /* Products */;
			projectDirPath = "";
			projectRoot = "";
			targets = (
				8DF4CCE218BB4B9800C10CF6 /* Softcatala */,
				8DF4CCFD18BB4B9800C10CF6 /* SoftcatalaTests */,
			);
		};
/* End PBXProject section */

/* Begin PBXResourcesBuildPhase section */
		8DF4CCE118BB4B9800C10CF6 /* Resources */ = {
			isa = PBXResourcesBuildPhase;
			buildActionMask = 2147483647;
			files = (
				8D8773DD18BB4C50001AE36C /* boto_canvi_idioma@2x.png in Resources */,
				8D8773D618BB4C50001AE36C /* softcatala_logo.png in Resources */,
				8D8773DE18BB4C50001AE36C /* boto_selec_idioma@2x.png in Resources */,
				8D8773EC18BB4C50001AE36C /* tab_bar_traduir_on@2x.png in Resources */,
				8D8773D818BB4C50001AE36C /* tab_bar_historic_on.png in Resources */,
				8D8773E618BB4C50001AE36C /* softcatala_logo@2x.png in Resources */,
				8D8773E418BB4C50001AE36C /* preferits_clar_off@2x.png in Resources */,
				8D8773D718BB4C50001AE36C /* tab_bar_historic_off.png in Resources */,
				8D8773D318BB4C50001AE36C /* paperera.png in Resources */,
				8D8773E118BB4C50001AE36C /* compartir@2x.png in Resources */,
				8D8773DA18BB4C50001AE36C /* tab_bar_preferits_on.png in Resources */,
				8D8773D218BB4C50001AE36C /* fletxa_llistats.png in Resources */,
				8D8773DB18BB4C50001AE36C /* tab_bar_traduir_off.png in Resources */,
				8D8773E918BB4C50001AE36C /* tab_bar_preferits_off@2x.png in Resources */,
				8D8773DC18BB4C50001AE36C /* tab_bar_traduir_on.png in Resources */,
				8D8773E818BB4C50001AE36C /* tab_bar_historic_on@2x.png in Resources */,
				8D8773D518BB4C50001AE36C /* preferits_clar_on.png in Resources */,
				8D8773E518BB4C50001AE36C /* preferits_clar_on@2x.png in Resources */,
				8D8773EA18BB4C50001AE36C /* tab_bar_preferits_on@2x.png in Resources */,
				8D8773EB18BB4C50001AE36C /* tab_bar_traduir_off@2x.png in Resources */,
				8D8773CE18BB4C50001AE36C /* boto_selec_idioma.png in Resources */,
				8D8773E218BB4C50001AE36C /* fletxa_llistats@2x.png in Resources */,
				8D8773D918BB4C50001AE36C /* tab_bar_preferits_off.png in Resources */,
				8D8773E318BB4C50001AE36C /* paperera@2x.png in Resources */,
				8D8773E018BB4C50001AE36C /* boto_valencia_on@2x.png in Resources */,
				8D8773CF18BB4C50001AE36C /* boto_valencia_off.png in Resources */,
				8DF4CCF918BB4B9800C10CF6 /* Images.xcassets in Resources */,
				8D8773D418BB4C50001AE36C /* preferits_clar_off.png in Resources */,
				8D8773D118BB4C50001AE36C /* compartir.png in Resources */,
				8D8773DF18BB4C50001AE36C /* boto_valencia_off@2x.png in Resources */,
				8D8773CD18BB4C50001AE36C /* boto_canvi_idioma.png in Resources */,
				8D8773E718BB4C50001AE36C /* tab_bar_historic_off@2x.png in Resources */,
				8D8773D018BB4C50001AE36C /* boto_valencia_on.png in Resources */,
			);
			runOnlyForDeploymentPostprocessing = 0;
		};
		8DF4CCFC18BB4B9800C10CF6 /* Resources */ = {
			isa = PBXResourcesBuildPhase;
			buildActionMask = 2147483647;
			files = (
			);
			runOnlyForDeploymentPostprocessing = 0;
		};
/* End PBXResourcesBuildPhase section */

/* Begin PBXShellScriptBuildPhase section */
		55C478959F344378B39C9368 /* Copy Pods Resources */ = {
			isa = PBXShellScriptBuildPhase;
			buildActionMask = 2147483647;
			files = (
			);
			inputPaths = (
			);
			name = "Copy Pods Resources";
			outputPaths = (
			);
			runOnlyForDeploymentPostprocessing = 0;
			shellPath = /bin/sh;
			shellScript = "\"${SRCROOT}/Pods/Pods-SoftcatalaTests-resources.sh\"\n";
			showEnvVarsInLog = 0;
		};
		ABBC4A1D49BF49A496BD0C29 /* Check Pods Manifest.lock */ = {
			isa = PBXShellScriptBuildPhase;
			buildActionMask = 2147483647;
			files = (
			);
			inputPaths = (
			);
			name = "Check Pods Manifest.lock";
			outputPaths = (
			);
			runOnlyForDeploymentPostprocessing = 0;
			shellPath = /bin/sh;
			shellScript = "diff \"${PODS_ROOT}/../Podfile.lock\" \"${PODS_ROOT}/Manifest.lock\" > /dev/null\nif [[ $? != 0 ]] ; then\n    cat << EOM\nerror: The sandbox is not in sync with the Podfile.lock. Run 'pod install' or update your CocoaPods installation.\nEOM\n    exit 1\nfi\n";
			showEnvVarsInLog = 0;
		};
/* End PBXShellScriptBuildPhase section */

/* Begin PBXSourcesBuildPhase section */
		8DF4CCDF18BB4B9800C10CF6 /* Sources */ = {
			isa = PBXSourcesBuildPhase;
			buildActionMask = 2147483647;
			files = (
				8D8773F218BB511A001AE36C /* Translation.m in Sources */,
				8DF4CCF718BB4B9800C10CF6 /* AppDelegate.m in Sources */,
				8DF4CCF318BB4B9800C10CF6 /* main.m in Sources */,
				BF8C7C858028906AF5BC1DC6 /* LanguageDirection.m in Sources */,
				BF8C72425A0F583B7456F33B /* Language.m in Sources */,
				BF8C7C952F5AC3899B2FBD76 /* TranslationArchiver.m in Sources */,
				BF8C7678E0845B9E80459A75 /* TranslationDirectionLoader.m in Sources */,
				BF8C78A9B947307DCC1FB67D /* TranslationRequest.m in Sources */,
			);
			runOnlyForDeploymentPostprocessing = 0;
		};
		8DF4CCFA18BB4B9800C10CF6 /* Sources */ = {
			isa = PBXSourcesBuildPhase;
			buildActionMask = 2147483647;
			files = (
				BF8C75FAC0B500D289D69413 /* TranslationTest.m in Sources */,
				BF8C7F7CFC0FD50A01BC26B8 /* LanguageDirectionTest.m in Sources */,
				BF8C7989933963534C63A1EC /* TranslationArchiverTest.m in Sources */,
				BF8C739D3A33029A459544AF /* TranslationDirectionsLoaderTest.m in Sources */,
				BF8C7143F1E188EA076CB11C /* TranslationServerTest.m in Sources */,
			);
			runOnlyForDeploymentPostprocessing = 0;
		};
/* End PBXSourcesBuildPhase section */

/* Begin PBXTargetDependency section */
		8DF4CD0418BB4B9800C10CF6 /* PBXTargetDependency */ = {
			isa = PBXTargetDependency;
			target = 8DF4CCE218BB4B9800C10CF6 /* Softcatala */;
			targetProxy = 8DF4CD0318BB4B9800C10CF6 /* PBXContainerItemProxy */;
		};
/* End PBXTargetDependency section */

/* Begin XCBuildConfiguration section */
		8DF4CD0D18BB4B9800C10CF6 /* Debug */ = {
			isa = XCBuildConfiguration;
			buildSettings = {
				ALWAYS_SEARCH_USER_PATHS = NO;
				CLANG_CXX_LANGUAGE_STANDARD = "gnu++0x";
				CLANG_CXX_LIBRARY = "libc++";
				CLANG_ENABLE_MODULES = YES;
				CLANG_ENABLE_OBJC_ARC = YES;
				CLANG_WARN_BOOL_CONVERSION = YES;
				CLANG_WARN_CONSTANT_CONVERSION = YES;
				CLANG_WARN_DIRECT_OBJC_ISA_USAGE = YES_ERROR;
				CLANG_WARN_EMPTY_BODY = YES;
				CLANG_WARN_ENUM_CONVERSION = YES;
				CLANG_WARN_INT_CONVERSION = YES;
				CLANG_WARN_OBJC_ROOT_CLASS = YES_ERROR;
				CLANG_WARN__DUPLICATE_METHOD_MATCH = YES;
				"CODE_SIGN_IDENTITY[sdk=iphoneos*]" = "iPhone Developer";
				COPY_PHASE_STRIP = NO;
				GCC_C_LANGUAGE_STANDARD = gnu99;
				GCC_DYNAMIC_NO_PIC = NO;
				GCC_OPTIMIZATION_LEVEL = 0;
				GCC_PREPROCESSOR_DEFINITIONS = (
					"DEBUG=1",
					"$(inherited)",
				);
				GCC_SYMBOLS_PRIVATE_EXTERN = NO;
				GCC_WARN_64_TO_32_BIT_CONVERSION = YES;
				GCC_WARN_ABOUT_RETURN_TYPE = YES_ERROR;
				GCC_WARN_UNDECLARED_SELECTOR = YES;
				GCC_WARN_UNINITIALIZED_AUTOS = YES;
				GCC_WARN_UNUSED_FUNCTION = YES;
				GCC_WARN_UNUSED_VARIABLE = YES;
				IPHONEOS_DEPLOYMENT_TARGET = 7.0;
				ONLY_ACTIVE_ARCH = YES;
				SDKROOT = iphoneos;
				TARGETED_DEVICE_FAMILY = "1,2";
			};
			name = Debug;
		};
		8DF4CD0E18BB4B9800C10CF6 /* Release */ = {
			isa = XCBuildConfiguration;
			buildSettings = {
				ALWAYS_SEARCH_USER_PATHS = NO;
				CLANG_CXX_LANGUAGE_STANDARD = "gnu++0x";
				CLANG_CXX_LIBRARY = "libc++";
				CLANG_ENABLE_MODULES = YES;
				CLANG_ENABLE_OBJC_ARC = YES;
				CLANG_WARN_BOOL_CONVERSION = YES;
				CLANG_WARN_CONSTANT_CONVERSION = YES;
				CLANG_WARN_DIRECT_OBJC_ISA_USAGE = YES_ERROR;
				CLANG_WARN_EMPTY_BODY = YES;
				CLANG_WARN_ENUM_CONVERSION = YES;
				CLANG_WARN_INT_CONVERSION = YES;
				CLANG_WARN_OBJC_ROOT_CLASS = YES_ERROR;
				CLANG_WARN__DUPLICATE_METHOD_MATCH = YES;
				"CODE_SIGN_IDENTITY[sdk=iphoneos*]" = "iPhone Developer";
				COPY_PHASE_STRIP = YES;
				ENABLE_NS_ASSERTIONS = NO;
				GCC_C_LANGUAGE_STANDARD = gnu99;
				GCC_WARN_64_TO_32_BIT_CONVERSION = YES;
				GCC_WARN_ABOUT_RETURN_TYPE = YES_ERROR;
				GCC_WARN_UNDECLARED_SELECTOR = YES;
				GCC_WARN_UNINITIALIZED_AUTOS = YES;
				GCC_WARN_UNUSED_FUNCTION = YES;
				GCC_WARN_UNUSED_VARIABLE = YES;
				IPHONEOS_DEPLOYMENT_TARGET = 7.0;
				SDKROOT = iphoneos;
				TARGETED_DEVICE_FAMILY = "1,2";
				VALIDATE_PRODUCT = YES;
			};
			name = Release;
		};
		8DF4CD1018BB4B9800C10CF6 /* Debug */ = {
			isa = XCBuildConfiguration;
			buildSettings = {
				ASSETCATALOG_COMPILER_APPICON_NAME = AppIcon;
				ASSETCATALOG_COMPILER_LAUNCHIMAGE_NAME = LaunchImage;
				FRAMEWORK_SEARCH_PATHS = (
					"$(SOURCE_ROOT)",
					"$(inherited)",
				);
				GCC_PRECOMPILE_PREFIX_HEADER = YES;
				GCC_PREFIX_HEADER = "Softcatala/Softcatala-Prefix.pch";
				INFOPLIST_FILE = "Softcatala/Softcatala-Info.plist";
				PRODUCT_NAME = "$(TARGET_NAME)";
				WRAPPER_EXTENSION = app;
			};
			name = Debug;
		};
		8DF4CD1118BB4B9800C10CF6 /* Release */ = {
			isa = XCBuildConfiguration;
			buildSettings = {
				ASSETCATALOG_COMPILER_APPICON_NAME = AppIcon;
				ASSETCATALOG_COMPILER_LAUNCHIMAGE_NAME = LaunchImage;
				FRAMEWORK_SEARCH_PATHS = (
					"$(SOURCE_ROOT)",
					"$(inherited)",
				);
				GCC_PRECOMPILE_PREFIX_HEADER = YES;
				GCC_PREFIX_HEADER = "Softcatala/Softcatala-Prefix.pch";
				INFOPLIST_FILE = "Softcatala/Softcatala-Info.plist";
				PRODUCT_NAME = "$(TARGET_NAME)";
				WRAPPER_EXTENSION = app;
			};
			name = Release;
		};
		8DF4CD1318BB4B9800C10CF6 /* Debug */ = {
			isa = XCBuildConfiguration;
			baseConfigurationReference = 9380CC9454DB48EAA73CB003 /* Pods-SoftcatalaTests.xcconfig */;
			buildSettings = {
				BUNDLE_LOADER = "$(BUILT_PRODUCTS_DIR)/Softcatala.app/Softcatala";
				FRAMEWORK_SEARCH_PATHS = (
					"$(SDKROOT)/Developer/Library/Frameworks",
					"$(inherited)",
					"$(DEVELOPER_FRAMEWORKS_DIR)",
					"$(SOURCE_ROOT)/**",
				);
				GCC_PRECOMPILE_PREFIX_HEADER = YES;
				GCC_PREFIX_HEADER = "Softcatala/Softcatala-Prefix.pch";
				GCC_PREPROCESSOR_DEFINITIONS = (
					"DEBUG=1",
					"$(inherited)",
				);
				INFOPLIST_FILE = "SoftcatalaTests/SoftcatalaTests-Info.plist";
				ONLY_ACTIVE_ARCH = YES;
				PRODUCT_NAME = "$(TARGET_NAME)";
				TEST_HOST = "$(BUNDLE_LOADER)";
				WRAPPER_EXTENSION = xctest;
			};
			name = Debug;
		};
		8DF4CD1418BB4B9800C10CF6 /* Release */ = {
			isa = XCBuildConfiguration;
			baseConfigurationReference = 9380CC9454DB48EAA73CB003 /* Pods-SoftcatalaTests.xcconfig */;
			buildSettings = {
				BUNDLE_LOADER = "$(BUILT_PRODUCTS_DIR)/Softcatala.app/Softcatala";
				FRAMEWORK_SEARCH_PATHS = (
					"$(SDKROOT)/Developer/Library/Frameworks",
					"$(inherited)",
					"$(DEVELOPER_FRAMEWORKS_DIR)",
					"$(SOURCE_ROOT)/**",
				);
				GCC_PRECOMPILE_PREFIX_HEADER = YES;
				GCC_PREFIX_HEADER = "Softcatala/Softcatala-Prefix.pch";
				INFOPLIST_FILE = "SoftcatalaTests/SoftcatalaTests-Info.plist";
				ONLY_ACTIVE_ARCH = NO;
				PRODUCT_NAME = "$(TARGET_NAME)";
				TEST_HOST = "$(BUNDLE_LOADER)";
				WRAPPER_EXTENSION = xctest;
			};
			name = Release;
		};
/* End XCBuildConfiguration section */

/* Begin XCConfigurationList section */
		8DF4CCDE18BB4B9800C10CF6 /* Build configuration list for PBXProject "Softcatala" */ = {
			isa = XCConfigurationList;
			buildConfigurations = (
				8DF4CD0D18BB4B9800C10CF6 /* Debug */,
				8DF4CD0E18BB4B9800C10CF6 /* Release */,
			);
			defaultConfigurationIsVisible = 0;
			defaultConfigurationName = Release;
		};
		8DF4CD0F18BB4B9800C10CF6 /* Build configuration list for PBXNativeTarget "Softcatala" */ = {
			isa = XCConfigurationList;
			buildConfigurations = (
				8DF4CD1018BB4B9800C10CF6 /* Debug */,
				8DF4CD1118BB4B9800C10CF6 /* Release */,
			);
			defaultConfigurationIsVisible = 0;
			defaultConfigurationName = Release;
		};
		8DF4CD1218BB4B9800C10CF6 /* Build configuration list for PBXNativeTarget "SoftcatalaTests" */ = {
			isa = XCConfigurationList;
			buildConfigurations = (
				8DF4CD1318BB4B9800C10CF6 /* Debug */,
				8DF4CD1418BB4B9800C10CF6 /* Release */,
			);
			defaultConfigurationIsVisible = 0;
			defaultConfigurationName = Release;
		};
/* End XCConfigurationList section */
	};
	rootObject = 8DF4CCDB18BB4B9800C10CF6 /* Project object */;
}
